
Microsoft Visual Studio Solution File, Format Version 12.00
# Visual Studio Version 18
VisualStudioVersion = 18.4.11612.150
MinimumVisualStudioVersion = 10.0.40219.1
Project("{FAE04EC0-301F-11D3-BF4B-00C04F79EFBC}") = "UserService", "services\UserService\UserService.csproj", "{037A78F0-30BB-4391-8AFE-63B82DDCBDCF}"
EndProject
Project("{2150E333-8FDC-42A3-9474-1A3956D46DE8}") = "services", "services", "{5854FF58-B8C5-05C6-5BF2-ACE42193F22B}"
EndProject
Project("{FAE04EC0-301F-11D3-BF4B-00C04F79EFBC}") = "SocialGraphService", "services\SocialGraphService\SocialGraphService.csproj", "{54FED440-86B8-4CB1-9E20-CF808801F25D}"
EndProject
Project("{FAE04EC0-301F-11D3-BF4B-00C04F79EFBC}") = "SocialContentService", "services\SocialContentService\SocialContentService.csproj", "{F139D60E-7CD4-45B1-97A6-39C56AFFC597}"
EndProject
Project("{FAE04EC0-301F-11D3-BF4B-00C04F79EFBC}") = "FeedService", "services\FeedService\FeedService.csproj", "{04C42807-F74D-48E7-915E-D21E10DC71D9}"
EndProject
Project("{FAE04EC0-301F-11D3-BF4B-00C04F79EFBC}") = "ModerationService", "services\ModerationService\ModerationService.csproj", "{56EAA454-7F56-4771-8888-459ADCC65546}"
EndProject
Project("{2150E333-8FDC-42A3-9474-1A3956D46DE8}") = "shared", "shared", "{4F52FD11-658E-A102-6CD3-7D7C16FFA15B}"
EndProject
Project("{FAE04EC0-301F-11D3-BF4B-00C04F79EFBC}") = "Contracts", "shared\Contracts\Contracts.csproj", "{6C338BF1-85BA-45EC-8CC3-3F3E90EDDA13}"
EndProject
Project("{2150E333-8FDC-42A3-9474-1A3956D46DE8}") = "Solution Items", "Solution Items", "{B31C0FF4-60B1-45D7-B46C-B60701677931}"
	ProjectSection(SolutionItems) = preProject
		docker-compose.yml = docker-compose.yml
	EndProjectSection
EndProject
Project("{2150E333-8FDC-42A3-9474-1A3956D46DE8}") = "client", "client", "{A8E00964-42F1-48E0-B0F4-EA83FC236D23}"
EndProject
Project("{54A90642-561A-4BB1-A94E-469ADEE60C69}") = "socialcommerce", "socialcommerce\socialcommerce.esproj", "{A0A60ECB-3906-33F6-68EB-9187CB89F0D6}"
EndProject
Project("{FAE04EC0-301F-11D3-BF4B-00C04F79EFBC}") = "AuthorizationService", "services\AuthorizationService\AuthorizationService.csproj", "{BA2EA1E6-ADAC-43BB-A9D4-3F3FEAA0F642}"
EndProject
Project("{FAE04EC0-301F-11D3-BF4B-00C04F79EFBC}") = "AuthenticationService", "AuthenticationService\AuthenticationService.csproj", "{64502D4B-8648-42BB-8E2E-D3D5D5D9A133}"
EndProject
Project("{2150E333-8FDC-42A3-9474-1A3956D46DE8}") = "doc", "doc", "{63A1BBED-140A-4730-A6FC-B6AF738984EA}"
	ProjectSection(SolutionItems) = preProject
		doc\azure-setup-guide.md = doc\azure-setup-guide.md
		doc\backend_superapp_strategy.md = doc\backend_superapp_strategy.md
		doc\high_level_dataflow_architecture.md = doc\high_level_dataflow_architecture.md
		doc\phase1_communication_dataflow_architecture.md = doc\phase1_communication_dataflow_architecture.md
		doc\phase2_social_dataflow_architecture.md = doc\phase2_social_dataflow_architecture.md
		doc\phase3_streaming_dataflow_architecture.md = doc\phase3_streaming_dataflow_architecture.md
		doc\phase4_commerce_platform_dataflow_architecture.md = doc\phase4_commerce_platform_dataflow_architecture.md
		doc\phase5_integration_platform_dataflow_architecture.md = doc\phase5_integration_platform_dataflow_architecture.md
		doc\phase6_foundations_dataflow_architecture.md = doc\phase6_foundations_dataflow_architecture.md
		doc\phase7_seller_experience_dataflow_architecture.md = doc\phase7_seller_experience_dataflow_architecture.md
		doc\react_superapp_strategy_with_ai.md = doc\react_superapp_strategy_with_ai.md
		doc\testing-strategy.md = doc\testing-strategy.md
	EndProjectSection
EndProject
Project("{FAE04EC0-301F-11D3-BF4B-00C04F79EFBC}") = "MediaService", "services\MediaService\MediaService.csproj", "{9DFB3A0C-E928-4D72-A932-5146C4C049C9}"
EndProject
Project("{FAE04EC0-301F-11D3-BF4B-00C04F79EFBC}") = "RealTimeHub", "services\RealTimeHub\RealTimeHub.csproj", "{2D61CE99-B275-42CE-9E4D-4D26E080A2B2}"
EndProject
Project("{FAE04EC0-301F-11D3-BF4B-00C04F79EFBC}") = "CommunicationService", "services\CommunicationService\CommunicationService.csproj", "{517247F1-DA8F-4A63-B0BF-FA996BA973DA}"
EndProject
Project("{FAE04EC0-301F-11D3-BF4B-00C04F79EFBC}") = "PresenceService", "services\PresenceService\PresenceService.csproj", "{7A5033C8-065B-44B2-9F3A-AF42C478854E}"
EndProject
Project("{FAE04EC0-301F-11D3-BF4B-00C04F79EFBC}") = "SignalingService", "services\SignalingService\SignalingService.csproj", "{F1F94699-4D52-45E7-8423-182BBDDB91E4}"
EndProject
Project("{FAE04EC0-301F-11D3-BF4B-00C04F79EFBC}") = "StreamingService", "services\StreamingService\StreamingService.csproj", "{63092436-904A-4B2A-9F14-CCED167F5F88}"
EndProject
Project("{FAE04EC0-301F-11D3-BF4B-00C04F79EFBC}") = "CommerceService", "services\CommerceService\CommerceService.csproj", "{51D05AFE-B0A0-453E-B4F6-989C2AA56D08}"
EndProject
Project("{FAE04EC0-301F-11D3-BF4B-00C04F79EFBC}") = "OrderService", "services\OrderService\OrderService.csproj", "{66F5A2FD-D77B-4173-8610-7645C570BECE}"
EndProject
Project("{FAE04EC0-301F-11D3-BF4B-00C04F79EFBC}") = "AnalyticsService", "services\AnalyticsService\AnalyticsService.csproj", "{D19A1085-C54B-4E59-BF86-54D4EA57AB58}"
EndProject
Project("{FAE04EC0-301F-11D3-BF4B-00C04F79EFBC}") = "AdService", "services\AdService\AdService.csproj", "{5935D929-C050-4861-A642-41ACDF9A16A7}"
EndProject
Project("{FAE04EC0-301F-11D3-BF4B-00C04F79EFBC}") = "InventoryService", "services\InventoryService\InventoryService.csproj", "{E1A3AA19-50BE-4A8C-9CAE-9274D8F7D11F}"
EndProject
Project("{FAE04EC0-301F-11D3-BF4B-00C04F79EFBC}") = "NotificationService", "services\NotificationService\NotificationService.csproj", "{D702D1C1-A048-4990-A658-1F1EBEC1D531}"
EndProject
Project("{FAE04EC0-301F-11D3-BF4B-00C04F79EFBC}") = "SearchService", "services\SearchService\SearchService.csproj", "{0B20408F-3B1C-43E5-811C-21AF52E302AB}"
EndProject
Project("{2150E333-8FDC-42A3-9474-1A3956D46DE8}") = "learn", "learn", "{B8D57451-0556-4FF6-9FD1-C80FC5621DC5}"
	ProjectSection(SolutionItems) = preProject
		doc\learn\azure_service_bus_guide.md = doc\learn\azure_service_bus_guide.md
	EndProjectSection
EndProject
Project("{2150E333-8FDC-42A3-9474-1A3956D46DE8}") = "services", "services", "{1CB9965D-F0DF-4722-91CA-CFE99861BF8C}"
	ProjectSection(SolutionItems) = preProject
		doc\services\StreamingService.md = doc\services\StreamingService.md
		doc\services\UserService.md = doc\services\UserService.md
	EndProjectSection
EndProject
Project("{2150E333-8FDC-42A3-9474-1A3956D46DE8}") = "debug", "debug", "{403CD63B-A107-40B3-B45D-F325EC37CB71}"
EndProject
Project("{FAE04EC0-301F-11D3-BF4B-00C04F79EFBC}") = "UserService.Tests", "services\UserService.Tests\UserService.Tests.csproj", "{7183CC6E-16D9-4D74-AA84-7E513DA41891}"
EndProject
Project("{FAE04EC0-301F-11D3-BF4B-00C04F79EFBC}") = "StreamingService.Tests", "services\StreamingService.Tests\StreamingService.Tests.csproj", "{9173648F-C8AB-410D-85AD-E6D6D06EC733}"
EndProject
Project("{FAE04EC0-301F-11D3-BF4B-00C04F79EFBC}") = "SocialGraphService.Tests", "services\SocialGraphService.Tests\SocialGraphService.Tests.csproj", "{DB57184C-D160-4F52-B040-A9149E71609C}"
EndProject
Project("{2150E333-8FDC-42A3-9474-1A3956D46DE8}") = "testing", "testing", "{B17F28BE-87C2-488D-B8C2-F02D853BDB1E}"
	ProjectSection(SolutionItems) = preProject
		doc\testing-strategy.md = doc\testing-strategy.md
	EndProjectSection
EndProject
Global
	GlobalSection(SolutionConfigurationPlatforms) = preSolution
		Debug|Any CPU = Debug|Any CPU
		Debug|x64 = Debug|x64
		Debug|x86 = Debug|x86
		Release|Any CPU = Release|Any CPU
		Release|x64 = Release|x64
		Release|x86 = Release|x86
	EndGlobalSection
	GlobalSection(ProjectConfigurationPlatforms) = postSolution
		{037A78F0-30BB-4391-8AFE-63B82DDCBDCF}.Debug|Any CPU.ActiveCfg = Debug|Any CPU
		{037A78F0-30BB-4391-8AFE-63B82DDCBDCF}.Debug|Any CPU.Build.0 = Debug|Any CPU
		{037A78F0-30BB-4391-8AFE-63B82DDCBDCF}.Debug|x64.ActiveCfg = Debug|Any CPU
		{037A78F0-30BB-4391-8AFE-63B82DDCBDCF}.Debug|x64.Build.0 = Debug|Any CPU
		{037A78F0-30BB-4391-8AFE-63B82DDCBDCF}.Debug|x86.ActiveCfg = Debug|Any CPU
		{037A78F0-30BB-4391-8AFE-63B82DDCBDCF}.Debug|x86.Build.0 = Debug|Any CPU
		{037A78F0-30BB-4391-8AFE-63B82DDCBDCF}.Release|Any CPU.ActiveCfg = Release|Any CPU
		{037A78F0-30BB-4391-8AFE-63B82DDCBDCF}.Release|Any CPU.Build.0 = Release|Any CPU
		{037A78F0-30BB-4391-8AFE-63B82DDCBDCF}.Release|x64.ActiveCfg = Release|Any CPU
		{037A78F0-30BB-4391-8AFE-63B82DDCBDCF}.Release|x64.Build.0 = Release|Any CPU
		{037A78F0-30BB-4391-8AFE-63B82DDCBDCF}.Release|x86.ActiveCfg = Release|Any CPU
		{037A78F0-30BB-4391-8AFE-63B82DDCBDCF}.Release|x86.Build.0 = Release|Any CPU
		{54FED440-86B8-4CB1-9E20-CF808801F25D}.Debug|Any CPU.ActiveCfg = Debug|Any CPU
		{54FED440-86B8-4CB1-9E20-CF808801F25D}.Debug|Any CPU.Build.0 = Debug|Any CPU
		{54FED440-86B8-4CB1-9E20-CF808801F25D}.Debug|x64.ActiveCfg = Debug|Any CPU
		{54FED440-86B8-4CB1-9E20-CF808801F25D}.Debug|x64.Build.0 = Debug|Any CPU
		{54FED440-86B8-4CB1-9E20-CF808801F25D}.Debug|x86.ActiveCfg = Debug|Any CPU
		{54FED440-86B8-4CB1-9E20-CF808801F25D}.Debug|x86.Build.0 = Debug|Any CPU
		{54FED440-86B8-4CB1-9E20-CF808801F25D}.Release|Any CPU.ActiveCfg = Release|Any CPU
		{54FED440-86B8-4CB1-9E20-CF808801F25D}.Release|Any CPU.Build.0 = Release|Any CPU
		{54FED440-86B8-4CB1-9E20-CF808801F25D}.Release|x64.ActiveCfg = Release|Any CPU
		{54FED440-86B8-4CB1-9E20-CF808801F25D}.Release|x64.Build.0 = Release|Any CPU
		{54FED440-86B8-4CB1-9E20-CF808801F25D}.Release|x86.ActiveCfg = Release|Any CPU
		{54FED440-86B8-4CB1-9E20-CF808801F25D}.Release|x86.Build.0 = Release|Any CPU
		{F139D60E-7CD4-45B1-97A6-39C56AFFC597}.Debug|Any CPU.ActiveCfg = Debug|Any CPU
		{F139D60E-7CD4-45B1-97A6-39C56AFFC597}.Debug|Any CPU.Build.0 = Debug|Any CPU
		{F139D60E-7CD4-45B1-97A6-39C56AFFC597}.Debug|x64.ActiveCfg = Debug|Any CPU
		{F139D60E-7CD4-45B1-97A6-39C56AFFC597}.Debug|x64.Build.0 = Debug|Any CPU
		{F139D60E-7CD4-45B1-97A6-39C56AFFC597}.Debug|x86.ActiveCfg = Debug|Any CPU
		{F139D60E-7CD4-45B1-97A6-39C56AFFC597}.Debug|x86.Build.0 = Debug|Any CPU
		{F139D60E-7CD4-45B1-97A6-39C56AFFC597}.Release|Any CPU.ActiveCfg = Release|Any CPU
		{F139D60E-7CD4-45B1-97A6-39C56AFFC597}.Release|Any CPU.Build.0 = Release|Any CPU
		{F139D60E-7CD4-45B1-97A6-39C56AFFC597}.Release|x64.ActiveCfg = Release|Any CPU
		{F139D60E-7CD4-45B1-97A6-39C56AFFC597}.Release|x64.Build.0 = Release|Any CPU
		{F139D60E-7CD4-45B1-97A6-39C56AFFC597}.Release|x86.ActiveCfg = Release|Any CPU
		{F139D60E-7CD4-45B1-97A6-39C56AFFC597}.Release|x86.Build.0 = Release|Any CPU
		{04C42807-F74D-48E7-915E-D21E10DC71D9}.Debug|Any CPU.ActiveCfg = Debug|Any CPU
		{04C42807-F74D-48E7-915E-D21E10DC71D9}.Debug|Any CPU.Build.0 = Debug|Any CPU
		{04C42807-F74D-48E7-915E-D21E10DC71D9}.Debug|x64.ActiveCfg = Debug|Any CPU
		{04C42807-F74D-48E7-915E-D21E10DC71D9}.Debug|x64.Build.0 = Debug|Any CPU
		{04C42807-F74D-48E7-915E-D21E10DC71D9}.Debug|x86.ActiveCfg = Debug|Any CPU
		{04C42807-F74D-48E7-915E-D21E10DC71D9}.Debug|x86.Build.0 = Debug|Any CPU
		{04C42807-F74D-48E7-915E-D21E10DC71D9}.Release|Any CPU.ActiveCfg = Release|Any CPU
		{04C42807-F74D-48E7-915E-D21E10DC71D9}.Release|Any CPU.Build.0 = Release|Any CPU
		{04C42807-F74D-48E7-915E-D21E10DC71D9}.Release|x64.ActiveCfg = Release|Any CPU
		{04C42807-F74D-48E7-915E-D21E10DC71D9}.Release|x64.Build.0 = Release|Any CPU
		{04C42807-F74D-48E7-915E-D21E10DC71D9}.Release|x86.ActiveCfg = Release|Any CPU
		{04C42807-F74D-48E7-915E-D21E10DC71D9}.Release|x86.Build.0 = Release|Any CPU
		{56EAA454-7F56-4771-8888-459ADCC65546}.Debug|Any CPU.ActiveCfg = Debug|Any CPU
		{56EAA454-7F56-4771-8888-459ADCC65546}.Debug|Any CPU.Build.0 = Debug|Any CPU
		{56EAA454-7F56-4771-8888-459ADCC65546}.Debug|x64.ActiveCfg = Debug|Any CPU
		{56EAA454-7F56-4771-8888-459ADCC65546}.Debug|x64.Build.0 = Debug|Any CPU
		{56EAA454-7F56-4771-8888-459ADCC65546}.Debug|x86.ActiveCfg = Debug|Any CPU
		{56EAA454-7F56-4771-8888-459ADCC65546}.Debug|x86.Build.0 = Debug|Any CPU
		{56EAA454-7F56-4771-8888-459ADCC65546}.Release|Any CPU.ActiveCfg = Release|Any CPU
		{56EAA454-7F56-4771-8888-459ADCC65546}.Release|Any CPU.Build.0 = Release|Any CPU
		{56EAA454-7F56-4771-8888-459ADCC65546}.Release|x64.ActiveCfg = Release|Any CPU
		{56EAA454-7F56-4771-8888-459ADCC65546}.Release|x64.Build.0 = Release|Any CPU
		{56EAA454-7F56-4771-8888-459ADCC65546}.Release|x86.ActiveCfg = Release|Any CPU
		{56EAA454-7F56-4771-8888-459ADCC65546}.Release|x86.Build.0 = Release|Any CPU
		{6C338BF1-85BA-45EC-8CC3-3F3E90EDDA13}.Debug|Any CPU.ActiveCfg = Debug|Any CPU
		{6C338BF1-85BA-45EC-8CC3-3F3E90EDDA13}.Debug|Any CPU.Build.0 = Debug|Any CPU
		{6C338BF1-85BA-45EC-8CC3-3F3E90EDDA13}.Debug|x64.ActiveCfg = Debug|Any CPU
		{6C338BF1-85BA-45EC-8CC3-3F3E90EDDA13}.Debug|x64.Build.0 = Debug|Any CPU
		{6C338BF1-85BA-45EC-8CC3-3F3E90EDDA13}.Debug|x86.ActiveCfg = Debug|Any CPU
		{6C338BF1-85BA-45EC-8CC3-3F3E90EDDA13}.Debug|x86.Build.0 = Debug|Any CPU
		{6C338BF1-85BA-45EC-8CC3-3F3E90EDDA13}.Release|Any CPU.ActiveCfg = Release|Any CPU
		{6C338BF1-85BA-45EC-8CC3-3F3E90EDDA13}.Release|Any CPU.Build.0 = Release|Any CPU
		{6C338BF1-85BA-45EC-8CC3-3F3E90EDDA13}.Release|x64.ActiveCfg = Release|Any CPU
		{6C338BF1-85BA-45EC-8CC3-3F3E90EDDA13}.Release|x64.Build.0 = Release|Any CPU
		{6C338BF1-85BA-45EC-8CC3-3F3E90EDDA13}.Release|x86.ActiveCfg = Release|Any CPU
		{6C338BF1-85BA-45EC-8CC3-3F3E90EDDA13}.Release|x86.Build.0 = Release|Any CPU
		{A0A60ECB-3906-33F6-68EB-9187CB89F0D6}.Debug|Any CPU.ActiveCfg = Debug|Any CPU
		{A0A60ECB-3906-33F6-68EB-9187CB89F0D6}.Debug|Any CPU.Build.0 = Debug|Any CPU
		{A0A60ECB-3906-33F6-68EB-9187CB89F0D6}.Debug|Any CPU.Deploy.0 = Debug|Any CPU
		{A0A60ECB-3906-33F6-68EB-9187CB89F0D6}.Debug|x64.ActiveCfg = Debug|Any CPU
		{A0A60ECB-3906-33F6-68EB-9187CB89F0D6}.Debug|x64.Build.0 = Debug|Any CPU
		{A0A60ECB-3906-33F6-68EB-9187CB89F0D6}.Debug|x64.Deploy.0 = Debug|Any CPU
		{A0A60ECB-3906-33F6-68EB-9187CB89F0D6}.Debug|x86.ActiveCfg = Debug|Any CPU
		{A0A60ECB-3906-33F6-68EB-9187CB89F0D6}.Debug|x86.Build.0 = Debug|Any CPU
		{A0A60ECB-3906-33F6-68EB-9187CB89F0D6}.Debug|x86.Deploy.0 = Debug|Any CPU
		{A0A60ECB-3906-33F6-68EB-9187CB89F0D6}.Release|Any CPU.ActiveCfg = Release|Any CPU
		{A0A60ECB-3906-33F6-68EB-9187CB89F0D6}.Release|Any CPU.Build.0 = Release|Any CPU
		{A0A60ECB-3906-33F6-68EB-9187CB89F0D6}.Release|Any CPU.Deploy.0 = Release|Any CPU
		{A0A60ECB-3906-33F6-68EB-9187CB89F0D6}.Release|x64.ActiveCfg = Release|Any CPU
		{A0A60ECB-3906-33F6-68EB-9187CB89F0D6}.Release|x64.Build.0 = Release|Any CPU
		{A0A60ECB-3906-33F6-68EB-9187CB89F0D6}.Release|x64.Deploy.0 = Release|Any CPU
		{A0A60ECB-3906-33F6-68EB-9187CB89F0D6}.Release|x86.ActiveCfg = Release|Any CPU
		{A0A60ECB-3906-33F6-68EB-9187CB89F0D6}.Release|x86.Build.0 = Release|Any CPU
		{A0A60ECB-3906-33F6-68EB-9187CB89F0D6}.Release|x86.Deploy.0 = Release|Any CPU
		{BA2EA1E6-ADAC-43BB-A9D4-3F3FEAA0F642}.Debug|Any CPU.ActiveCfg = Debug|Any CPU
		{BA2EA1E6-ADAC-43BB-A9D4-3F3FEAA0F642}.Debug|Any CPU.Build.0 = Debug|Any CPU
		{BA2EA1E6-ADAC-43BB-A9D4-3F3FEAA0F642}.Debug|x64.ActiveCfg = Debug|Any CPU
		{BA2EA1E6-ADAC-43BB-A9D4-3F3FEAA0F642}.Debug|x64.Build.0 = Debug|Any CPU
		{BA2EA1E6-ADAC-43BB-A9D4-3F3FEAA0F642}.Debug|x86.ActiveCfg = Debug|Any CPU
		{BA2EA1E6-ADAC-43BB-A9D4-3F3FEAA0F642}.Debug|x86.Build.0 = Debug|Any CPU
		{BA2EA1E6-ADAC-43BB-A9D4-3F3FEAA0F642}.Release|Any CPU.ActiveCfg = Release|Any CPU
		{BA2EA1E6-ADAC-43BB-A9D4-3F3FEAA0F642}.Release|Any CPU.Build.0 = Release|Any CPU
		{BA2EA1E6-ADAC-43BB-A9D4-3F3FEAA0F642}.Release|x64.ActiveCfg = Release|Any CPU
		{BA2EA1E6-ADAC-43BB-A9D4-3F3FEAA0F642}.Release|x64.Build.0 = Release|Any CPU
		{BA2EA1E6-ADAC-43BB-A9D4-3F3FEAA0F642}.Release|x86.ActiveCfg = Release|Any CPU
		{BA2EA1E6-ADAC-43BB-A9D4-3F3FEAA0F642}.Release|x86.Build.0 = Release|Any CPU
		{64502D4B-8648-42BB-8E2E-D3D5D5D9A133}.Debug|Any CPU.ActiveCfg = Debug|Any CPU
		{64502D4B-8648-42BB-8E2E-D3D5D5D9A133}.Debug|Any CPU.Build.0 = Debug|Any CPU
		{64502D4B-8648-42BB-8E2E-D3D5D5D9A133}.Debug|x64.ActiveCfg = Debug|Any CPU
		{64502D4B-8648-42BB-8E2E-D3D5D5D9A133}.Debug|x64.Build.0 = Debug|Any CPU
		{64502D4B-8648-42BB-8E2E-D3D5D5D9A133}.Debug|x86.ActiveCfg = Debug|Any CPU
		{64502D4B-8648-42BB-8E2E-D3D5D5D9A133}.Debug|x86.Build.0 = Debug|Any CPU
		{64502D4B-8648-42BB-8E2E-D3D5D5D9A133}.Release|Any CPU.ActiveCfg = Release|Any CPU
		{64502D4B-8648-42BB-8E2E-D3D5D5D9A133}.Release|Any CPU.Build.0 = Release|Any CPU
		{64502D4B-8648-42BB-8E2E-D3D5D5D9A133}.Release|x64.ActiveCfg = Release|Any CPU
		{64502D4B-8648-42BB-8E2E-D3D5D5D9A133}.Release|x64.Build.0 = Release|Any CPU
		{64502D4B-8648-42BB-8E2E-D3D5D5D9A133}.Release|x86.ActiveCfg = Release|Any CPU
		{64502D4B-8648-42BB-8E2E-D3D5D5D9A133}.Release|x86.Build.0 = Release|Any CPU
		{9DFB3A0C-E928-4D72-A932-5146C4C049C9}.Debug|Any CPU.ActiveCfg = Debug|Any CPU
		{9DFB3A0C-E928-4D72-A932-5146C4C049C9}.Debug|Any CPU.Build.0 = Debug|Any CPU
		{9DFB3A0C-E928-4D72-A932-5146C4C049C9}.Debug|x64.ActiveCfg = Debug|Any CPU
		{9DFB3A0C-E928-4D72-A932-5146C4C049C9}.Debug|x64.Build.0 = Debug|Any CPU
		{9DFB3A0C-E928-4D72-A932-5146C4C049C9}.Debug|x86.ActiveCfg = Debug|Any CPU
		{9DFB3A0C-E928-4D72-A932-5146C4C049C9}.Debug|x86.Build.0 = Debug|Any CPU
		{9DFB3A0C-E928-4D72-A932-5146C4C049C9}.Release|Any CPU.ActiveCfg = Release|Any CPU
		{9DFB3A0C-E928-4D72-A932-5146C4C049C9}.Release|Any CPU.Build.0 = Release|Any CPU
		{9DFB3A0C-E928-4D72-A932-5146C4C049C9}.Release|x64.ActiveCfg = Release|Any CPU
		{9DFB3A0C-E928-4D72-A932-5146C4C049C9}.Release|x64.Build.0 = Release|Any CPU
		{9DFB3A0C-E928-4D72-A932-5146C4C049C9}.Release|x86.ActiveCfg = Release|Any CPU
		{9DFB3A0C-E928-4D72-A932-5146C4C049C9}.Release|x86.Build.0 = Release|Any CPU
		{2D61CE99-B275-42CE-9E4D-4D26E080A2B2}.Debug|Any CPU.ActiveCfg = Debug|Any CPU
		{2D61CE99-B275-42CE-9E4D-4D26E080A2B2}.Debug|Any CPU.Build.0 = Debug|Any CPU
		{2D61CE99-B275-42CE-9E4D-4D26E080A2B2}.Debug|x64.ActiveCfg = Debug|Any CPU
		{2D61CE99-B275-42CE-9E4D-4D26E080A2B2}.Debug|x64.Build.0 = Debug|Any CPU
		{2D61CE99-B275-42CE-9E4D-4D26E080A2B2}.Debug|x86.ActiveCfg = Debug|Any CPU
		{2D61CE99-B275-42CE-9E4D-4D26E080A2B2}.Debug|x86.Build.0 = Debug|Any CPU
		{2D61CE99-B275-42CE-9E4D-4D26E080A2B2}.Release|Any CPU.ActiveCfg = Release|Any CPU
		{2D61CE99-B275-42CE-9E4D-4D26E080A2B2}.Release|Any CPU.Build.0 = Release|Any CPU
		{2D61CE99-B275-42CE-9E4D-4D26E080A2B2}.Release|x64.ActiveCfg = Release|Any CPU
		{2D61CE99-B275-42CE-9E4D-4D26E080A2B2}.Release|x64.Build.0 = Release|Any CPU
		{2D61CE99-B275-42CE-9E4D-4D26E080A2B2}.Release|x86.ActiveCfg = Release|Any CPU
		{2D61CE99-B275-42CE-9E4D-4D26E080A2B2}.Release|x86.Build.0 = Release|Any CPU
		{517247F1-DA8F-4A63-B0BF-FA996BA973DA}.Debug|Any CPU.ActiveCfg = Debug|Any CPU
		{517247F1-DA8F-4A63-B0BF-FA996BA973DA}.Debug|Any CPU.Build.0 = Debug|Any CPU
		{517247F1-DA8F-4A63-B0BF-FA996BA973DA}.Debug|x64.ActiveCfg = Debug|Any CPU
		{517247F1-DA8F-4A63-B0BF-FA996BA973DA}.Debug|x64.Build.0 = Debug|Any CPU
		{517247F1-DA8F-4A63-B0BF-FA996BA973DA}.Debug|x86.ActiveCfg = Debug|Any CPU
		{517247F1-DA8F-4A63-B0BF-FA996BA973DA}.Debug|x86.Build.0 = Debug|Any CPU
		{517247F1-DA8F-4A63-B0BF-FA996BA973DA}.Release|Any CPU.ActiveCfg = Release|Any CPU
		{517247F1-DA8F-4A63-B0BF-FA996BA973DA}.Release|Any CPU.Build.0 = Release|Any CPU
		{517247F1-DA8F-4A63-B0BF-FA996BA973DA}.Release|x64.ActiveCfg = Release|Any CPU
		{517247F1-DA8F-4A63-B0BF-FA996BA973DA}.Release|x64.Build.0 = Release|Any CPU
		{517247F1-DA8F-4A63-B0BF-FA996BA973DA}.Release|x86.ActiveCfg = Release|Any CPU
		{517247F1-DA8F-4A63-B0BF-FA996BA973DA}.Release|x86.Build.0 = Release|Any CPU
		{7A5033C8-065B-44B2-9F3A-AF42C478854E}.Debug|Any CPU.ActiveCfg = Debug|Any CPU
		{7A5033C8-065B-44B2-9F3A-AF42C478854E}.Debug|Any CPU.Build.0 = Debug|Any CPU
		{7A5033C8-065B-44B2-9F3A-AF42C478854E}.Debug|x64.ActiveCfg = Debug|Any CPU
		{7A5033C8-065B-44B2-9F3A-AF42C478854E}.Debug|x64.Build.0 = Debug|Any CPU
		{7A5033C8-065B-44B2-9F3A-AF42C478854E}.Debug|x86.ActiveCfg = Debug|Any CPU
		{7A5033C8-065B-44B2-9F3A-AF42C478854E}.Debug|x86.Build.0 = Debug|Any CPU
		{7A5033C8-065B-44B2-9F3A-AF42C478854E}.Release|Any CPU.ActiveCfg = Release|Any CPU
		{7A5033C8-065B-44B2-9F3A-AF42C478854E}.Release|Any CPU.Build.0 = Release|Any CPU
		{7A5033C8-065B-44B2-9F3A-AF42C478854E}.Release|x64.ActiveCfg = Release|Any CPU
		{7A5033C8-065B-44B2-9F3A-AF42C478854E}.Release|x64.Build.0 = Release|Any CPU
		{7A5033C8-065B-44B2-9F3A-AF42C478854E}.Release|x86.ActiveCfg = Release|Any CPU
		{7A5033C8-065B-44B2-9F3A-AF42C478854E}.Release|x86.Build.0 = Release|Any CPU
		{F1F94699-4D52-45E7-8423-182BBDDB91E4}.Debug|Any CPU.ActiveCfg = Debug|Any CPU
		{F1F94699-4D52-45E7-8423-182BBDDB91E4}.Debug|Any CPU.Build.0 = Debug|Any CPU
		{F1F94699-4D52-45E7-8423-182BBDDB91E4}.Debug|x64.ActiveCfg = Debug|Any CPU
		{F1F94699-4D52-45E7-8423-182BBDDB91E4}.Debug|x64.Build.0 = Debug|Any CPU
		{F1F94699-4D52-45E7-8423-182BBDDB91E4}.Debug|x86.ActiveCfg = Debug|Any CPU
		{F1F94699-4D52-45E7-8423-182BBDDB91E4}.Debug|x86.Build.0 = Debug|Any CPU
		{F1F94699-4D52-45E7-8423-182BBDDB91E4}.Release|Any CPU.ActiveCfg = Release|Any CPU
		{F1F94699-4D52-45E7-8423-182BBDDB91E4}.Release|Any CPU.Build.0 = Release|Any CPU
		{F1F94699-4D52-45E7-8423-182BBDDB91E4}.Release|x64.ActiveCfg = Release|Any CPU
		{F1F94699-4D52-45E7-8423-182BBDDB91E4}.Release|x64.Build.0 = Release|Any CPU
		{F1F94699-4D52-45E7-8423-182BBDDB91E4}.Release|x86.ActiveCfg = Release|Any CPU
		{F1F94699-4D52-45E7-8423-182BBDDB91E4}.Release|x86.Build.0 = Release|Any CPU
		{63092436-904A-4B2A-9F14-CCED167F5F88}.Debug|Any CPU.ActiveCfg = Debug|Any CPU
		{63092436-904A-4B2A-9F14-CCED167F5F88}.Debug|Any CPU.Build.0 = Debug|Any CPU
		{63092436-904A-4B2A-9F14-CCED167F5F88}.Debug|x64.ActiveCfg = Debug|Any CPU
		{63092436-904A-4B2A-9F14-CCED167F5F88}.Debug|x64.Build.0 = Debug|Any CPU
		{63092436-904A-4B2A-9F14-CCED167F5F88}.Debug|x86.ActiveCfg = Debug|Any CPU
		{63092436-904A-4B2A-9F14-CCED167F5F88}.Debug|x86.Build.0 = Debug|Any CPU
		{63092436-904A-4B2A-9F14-CCED167F5F88}.Release|Any CPU.ActiveCfg = Release|Any CPU
		{63092436-904A-4B2A-9F14-CCED167F5F88}.Release|Any CPU.Build.0 = Release|Any CPU
		{63092436-904A-4B2A-9F14-CCED167F5F88}.Release|x64.ActiveCfg = Release|Any CPU
		{63092436-904A-4B2A-9F14-CCED167F5F88}.Release|x64.Build.0 = Release|Any CPU
		{63092436-904A-4B2A-9F14-CCED167F5F88}.Release|x86.ActiveCfg = Release|Any CPU
		{63092436-904A-4B2A-9F14-CCED167F5F88}.Release|x86.Build.0 = Release|Any CPU
		{51D05AFE-B0A0-453E-B4F6-989C2AA56D08}.Debug|Any CPU.ActiveCfg = Debug|Any CPU
		{51D05AFE-B0A0-453E-B4F6-989C2AA56D08}.Debug|Any CPU.Build.0 = Debug|Any CPU
		{51D05AFE-B0A0-453E-B4F6-989C2AA56D08}.Debug|x64.ActiveCfg = Debug|Any CPU
		{51D05AFE-B0A0-453E-B4F6-989C2AA56D08}.Debug|x64.Build.0 = Debug|Any CPU
		{51D05AFE-B0A0-453E-B4F6-989C2AA56D08}.Debug|x86.ActiveCfg = Debug|Any CPU
		{51D05AFE-B0A0-453E-B4F6-989C2AA56D08}.Debug|x86.Build.0 = Debug|Any CPU
		{51D05AFE-B0A0-453E-B4F6-989C2AA56D08}.Release|Any CPU.ActiveCfg = Release|Any CPU
		{51D05AFE-B0A0-453E-B4F6-989C2AA56D08}.Release|Any CPU.Build.0 = Release|Any CPU
		{51D05AFE-B0A0-453E-B4F6-989C2AA56D08}.Release|x64.ActiveCfg = Release|Any CPU
		{51D05AFE-B0A0-453E-B4F6-989C2AA56D08}.Release|x64.Build.0 = Release|Any CPU
		{51D05AFE-B0A0-453E-B4F6-989C2AA56D08}.Release|x86.ActiveCfg = Release|Any CPU
		{51D05AFE-B0A0-453E-B4F6-989C2AA56D08}.Release|x86.Build.0 = Release|Any CPU
		{66F5A2FD-D77B-4173-8610-7645C570BECE}.Debug|Any CPU.ActiveCfg = Debug|Any CPU
		{66F5A2FD-D77B-4173-8610-7645C570BECE}.Debug|Any CPU.Build.0 = Debug|Any CPU
		{66F5A2FD-D77B-4173-8610-7645C570BECE}.Debug|x64.ActiveCfg = Debug|Any CPU
		{66F5A2FD-D77B-4173-8610-7645C570BECE}.Debug|x64.Build.0 = Debug|Any CPU
		{66F5A2FD-D77B-4173-8610-7645C570BECE}.Debug|x86.ActiveCfg = Debug|Any CPU
		{66F5A2FD-D77B-4173-8610-7645C570BECE}.Debug|x86.Build.0 = Debug|Any CPU
		{66F5A2FD-D77B-4173-8610-7645C570BECE}.Release|Any CPU.ActiveCfg = Release|Any CPU
		{66F5A2FD-D77B-4173-8610-7645C570BECE}.Release|Any CPU.Build.0 = Release|Any CPU
		{66F5A2FD-D77B-4173-8610-7645C570BECE}.Release|x64.ActiveCfg = Release|Any CPU
		{66F5A2FD-D77B-4173-8610-7645C570BECE}.Release|x64.Build.0 = Release|Any CPU
		{66F5A2FD-D77B-4173-8610-7645C570BECE}.Release|x86.ActiveCfg = Release|Any CPU
		{66F5A2FD-D77B-4173-8610-7645C570BECE}.Release|x86.Build.0 = Release|Any CPU
		{D19A1085-C54B-4E59-BF86-54D4EA57AB58}.Debug|Any CPU.ActiveCfg = Debug|Any CPU
		{D19A1085-C54B-4E59-BF86-54D4EA57AB58}.Debug|Any CPU.Build.0 = Debug|Any CPU
		{D19A1085-C54B-4E59-BF86-54D4EA57AB58}.Debug|x64.ActiveCfg = Debug|Any CPU
		{D19A1085-C54B-4E59-BF86-54D4EA57AB58}.Debug|x64.Build.0 = Debug|Any CPU
		{D19A1085-C54B-4E59-BF86-54D4EA57AB58}.Debug|x86.ActiveCfg = Debug|Any CPU
		{D19A1085-C54B-4E59-BF86-54D4EA57AB58}.Debug|x86.Build.0 = Debug|Any CPU
		{D19A1085-C54B-4E59-BF86-54D4EA57AB58}.Release|Any CPU.ActiveCfg = Release|Any CPU
		{D19A1085-C54B-4E59-BF86-54D4EA57AB58}.Release|Any CPU.Build.0 = Release|Any CPU
		{D19A1085-C54B-4E59-BF86-54D4EA57AB58}.Release|x64.ActiveCfg = Release|Any CPU
		{D19A1085-C54B-4E59-BF86-54D4EA57AB58}.Release|x64.Build.0 = Release|Any CPU
		{D19A1085-C54B-4E59-BF86-54D4EA57AB58}.Release|x86.ActiveCfg = Release|Any CPU
		{D19A1085-C54B-4E59-BF86-54D4EA57AB58}.Release|x86.Build.0 = Release|Any CPU
		{5935D929-C050-4861-A642-41ACDF9A16A7}.Debug|Any CPU.ActiveCfg = Debug|Any CPU
		{5935D929-C050-4861-A642-41ACDF9A16A7}.Debug|Any CPU.Build.0 = Debug|Any CPU
		{5935D929-C050-4861-A642-41ACDF9A16A7}.Debug|x64.ActiveCfg = Debug|Any CPU
		{5935D929-C050-4861-A642-41ACDF9A16A7}.Debug|x64.Build.0 = Debug|Any CPU
		{5935D929-C050-4861-A642-41ACDF9A16A7}.Debug|x86.ActiveCfg = Debug|Any CPU
		{5935D929-C050-4861-A642-41ACDF9A16A7}.Debug|x86.Build.0 = Debug|Any CPU
		{5935D929-C050-4861-A642-41ACDF9A16A7}.Release|Any CPU.ActiveCfg = Release|Any CPU
		{5935D929-C050-4861-A642-41ACDF9A16A7}.Release|Any CPU.Build.0 = Release|Any CPU
		{5935D929-C050-4861-A642-41ACDF9A16A7}.Release|x64.ActiveCfg = Release|Any CPU
		{5935D929-C050-4861-A642-41ACDF9A16A7}.Release|x64.Build.0 = Release|Any CPU
		{5935D929-C050-4861-A642-41ACDF9A16A7}.Release|x86.ActiveCfg = Release|Any CPU
		{5935D929-C050-4861-A642-41ACDF9A16A7}.Release|x86.Build.0 = Release|Any CPU
		{E1A3AA19-50BE-4A8C-9CAE-9274D8F7D11F}.Debug|Any CPU.ActiveCfg = Debug|Any CPU
		{E1A3AA19-50BE-4A8C-9CAE-9274D8F7D11F}.Debug|Any CPU.Build.0 = Debug|Any CPU
		{E1A3AA19-50BE-4A8C-9CAE-9274D8F7D11F}.Debug|x64.ActiveCfg = Debug|Any CPU
		{E1A3AA19-50BE-4A8C-9CAE-9274D8F7D11F}.Debug|x64.Build.0 = Debug|Any CPU
		{E1A3AA19-50BE-4A8C-9CAE-9274D8F7D11F}.Debug|x86.ActiveCfg = Debug|Any CPU
		{E1A3AA19-50BE-4A8C-9CAE-9274D8F7D11F}.Debug|x86.Build.0 = Debug|Any CPU
		{E1A3AA19-50BE-4A8C-9CAE-9274D8F7D11F}.Release|Any CPU.ActiveCfg = Release|Any CPU
		{E1A3AA19-50BE-4A8C-9CAE-9274D8F7D11F}.Release|Any CPU.Build.0 = Release|Any CPU
		{E1A3AA19-50BE-4A8C-9CAE-9274D8F7D11F}.Release|x64.ActiveCfg = Release|Any CPU
		{E1A3AA19-50BE-4A8C-9CAE-9274D8F7D11F}.Release|x64.Build.0 = Release|Any CPU
		{E1A3AA19-50BE-4A8C-9CAE-9274D8F7D11F}.Release|x86.ActiveCfg = Release|Any CPU
		{E1A3AA19-50BE-4A8C-9CAE-9274D8F7D11F}.Release|x86.Build.0 = Release|Any CPU
		{D702D1C1-A048-4990-A658-1F1EBEC1D531}.Debug|Any CPU.ActiveCfg = Debug|Any CPU
		{D702D1C1-A048-4990-A658-1F1EBEC1D531}.Debug|Any CPU.Build.0 = Debug|Any CPU
		{D702D1C1-A048-4990-A658-1F1EBEC1D531}.Debug|x64.ActiveCfg = Debug|Any CPU
		{D702D1C1-A048-4990-A658-1F1EBEC1D531}.Debug|x64.Build.0 = Debug|Any CPU
		{D702D1C1-A048-4990-A658-1F1EBEC1D531}.Debug|x86.ActiveCfg = Debug|Any CPU
		{D702D1C1-A048-4990-A658-1F1EBEC1D531}.Debug|x86.Build.0 = Debug|Any CPU
		{D702D1C1-A048-4990-A658-1F1EBEC1D531}.Release|Any CPU.ActiveCfg = Release|Any CPU
		{D702D1C1-A048-4990-A658-1F1EBEC1D531}.Release|Any CPU.Build.0 = Release|Any CPU
		{D702D1C1-A048-4990-A658-1F1EBEC1D531}.Release|x64.ActiveCfg = Release|Any CPU
		{D702D1C1-A048-4990-A658-1F1EBEC1D531}.Release|x64.Build.0 = Release|Any CPU
		{D702D1C1-A048-4990-A658-1F1EBEC1D531}.Release|x86.ActiveCfg = Release|Any CPU
		{D702D1C1-A048-4990-A658-1F1EBEC1D531}.Release|x86.Build.0 = Release|Any CPU
		{0B20408F-3B1C-43E5-811C-21AF52E302AB}.Debug|Any CPU.ActiveCfg = Debug|Any CPU
		{0B20408F-3B1C-43E5-811C-21AF52E302AB}.Debug|Any CPU.Build.0 = Debug|Any CPU
		{0B20408F-3B1C-43E5-811C-21AF52E302AB}.Debug|x64.ActiveCfg = Debug|Any CPU
		{0B20408F-3B1C-43E5-811C-21AF52E302AB}.Debug|x64.Build.0 = Debug|Any CPU
		{0B20408F-3B1C-43E5-811C-21AF52E302AB}.Debug|x86.ActiveCfg = Debug|Any CPU
		{0B20408F-3B1C-43E5-811C-21AF52E302AB}.Debug|x86.Build.0 = Debug|Any CPU
		{0B20408F-3B1C-43E5-811C-21AF52E302AB}.Release|Any CPU.ActiveCfg = Release|Any CPU
		{0B20408F-3B1C-43E5-811C-21AF52E302AB}.Release|Any CPU.Build.0 = Release|Any CPU
		{0B20408F-3B1C-43E5-811C-21AF52E302AB}.Release|x64.ActiveCfg = Release|Any CPU
		{0B20408F-3B1C-43E5-811C-21AF52E302AB}.Release|x64.Build.0 = Release|Any CPU
		{0B20408F-3B1C-43E5-811C-21AF52E302AB}.Release|x86.ActiveCfg = Release|Any CPU
		{0B20408F-3B1C-43E5-811C-21AF52E302AB}.Release|x86.Build.0 = Release|Any CPU
		{7183CC6E-16D9-4D74-AA84-7E513DA41891}.Debug|Any CPU.ActiveCfg = Debug|Any CPU
		{7183CC6E-16D9-4D74-AA84-7E513DA41891}.Debug|Any CPU.Build.0 = Debug|Any CPU
		{7183CC6E-16D9-4D74-AA84-7E513DA41891}.Debug|x64.ActiveCfg = Debug|Any CPU
		{7183CC6E-16D9-4D74-AA84-7E513DA41891}.Debug|x64.Build.0 = Debug|Any CPU
		{7183CC6E-16D9-4D74-AA84-7E513DA41891}.Debug|x86.ActiveCfg = Debug|Any CPU
		{7183CC6E-16D9-4D74-AA84-7E513DA41891}.Debug|x86.Build.0 = Debug|Any CPU
		{7183CC6E-16D9-4D74-AA84-7E513DA41891}.Release|Any CPU.ActiveCfg = Release|Any CPU
		{7183CC6E-16D9-4D74-AA84-7E513DA41891}.Release|Any CPU.Build.0 = Release|Any CPU
		{7183CC6E-16D9-4D74-AA84-7E513DA41891}.Release|x64.ActiveCfg = Release|Any CPU
		{7183CC6E-16D9-4D74-AA84-7E513DA41891}.Release|x64.Build.0 = Release|Any CPU
		{7183CC6E-16D9-4D74-AA84-7E513DA41891}.Release|x86.ActiveCfg = Release|Any CPU
		{7183CC6E-16D9-4D74-AA84-7E513DA41891}.Release|x86.Build.0 = Release|Any CPU
		{9173648F-C8AB-410D-85AD-E6D6D06EC733}.Debug|Any CPU.ActiveCfg = Debug|Any CPU
		{9173648F-C8AB-410D-85AD-E6D6D06EC733}.Debug|Any CPU.Build.0 = Debug|Any CPU
		{9173648F-C8AB-410D-85AD-E6D6D06EC733}.Debug|x64.ActiveCfg = Debug|Any CPU
		{9173648F-C8AB-410D-85AD-E6D6D06EC733}.Debug|x64.Build.0 = Debug|Any CPU
		{9173648F-C8AB-410D-85AD-E6D6D06EC733}.Debug|x86.ActiveCfg = Debug|Any CPU
		{9173648F-C8AB-410D-85AD-E6D6D06EC733}.Debug|x86.Build.0 = Debug|Any CPU
		{9173648F-C8AB-410D-85AD-E6D6D06EC733}.Release|Any CPU.ActiveCfg = Release|Any CPU
		{9173648F-C8AB-410D-85AD-E6D6D06EC733}.Release|Any CPU.Build.0 = Release|Any CPU
		{9173648F-C8AB-410D-85AD-E6D6D06EC733}.Release|x64.ActiveCfg = Release|Any CPU
		{9173648F-C8AB-410D-85AD-E6D6D06EC733}.Release|x64.Build.0 = Release|Any CPU
		{9173648F-C8AB-410D-85AD-E6D6D06EC733}.Release|x86.ActiveCfg = Release|Any CPU
		{9173648F-C8AB-410D-85AD-E6D6D06EC733}.Release|x86.Build.0 = Release|Any CPU
		{DB57184C-D160-4F52-B040-A9149E71609C}.Debug|Any CPU.ActiveCfg = Debug|Any CPU
		{DB57184C-D160-4F52-B040-A9149E71609C}.Debug|Any CPU.Build.0 = Debug|Any CPU
		{DB57184C-D160-4F52-B040-A9149E71609C}.Debug|x64.ActiveCfg = Debug|Any CPU
		{DB57184C-D160-4F52-B040-A9149E71609C}.Debug|x64.Build.0 = Debug|Any CPU
		{DB57184C-D160-4F52-B040-A9149E71609C}.Debug|x86.ActiveCfg = Debug|Any CPU
		{DB57184C-D160-4F52-B040-A9149E71609C}.Debug|x86.Build.0 = Debug|Any CPU
		{DB57184C-D160-4F52-B040-A9149E71609C}.Release|Any CPU.ActiveCfg = Release|Any CPU
		{DB57184C-D160-4F52-B040-A9149E71609C}.Release|Any CPU.Build.0 = Release|Any CPU
		{DB57184C-D160-4F52-B040-A9149E71609C}.Release|x64.ActiveCfg = Release|Any CPU
		{DB57184C-D160-4F52-B040-A9149E71609C}.Release|x64.Build.0 = Release|Any CPU
		{DB57184C-D160-4F52-B040-A9149E71609C}.Release|x86.ActiveCfg = Release|Any CPU
		{DB57184C-D160-4F52-B040-A9149E71609C}.Release|x86.Build.0 = Release|Any CPU
	EndGlobalSection
	GlobalSection(SolutionProperties) = preSolution
		HideSolutionNode = FALSE
	EndGlobalSection
	GlobalSection(NestedProjects) = preSolution
		{037A78F0-30BB-4391-8AFE-63B82DDCBDCF} = {5854FF58-B8C5-05C6-5BF2-ACE42193F22B}
		{54FED440-86B8-4CB1-9E20-CF808801F25D} = {5854FF58-B8C5-05C6-5BF2-ACE42193F22B}
		{F139D60E-7CD4-45B1-97A6-39C56AFFC597} = {5854FF58-B8C5-05C6-5BF2-ACE42193F22B}
		{04C42807-F74D-48E7-915E-D21E10DC71D9} = {5854FF58-B8C5-05C6-5BF2-ACE42193F22B}
		{56EAA454-7F56-4771-8888-459ADCC65546} = {5854FF58-B8C5-05C6-5BF2-ACE42193F22B}
		{6C338BF1-85BA-45EC-8CC3-3F3E90EDDA13} = {4F52FD11-658E-A102-6CD3-7D7C16FFA15B}
		{A0A60ECB-3906-33F6-68EB-9187CB89F0D6} = {A8E00964-42F1-48E0-B0F4-EA83FC236D23}
		{BA2EA1E6-ADAC-43BB-A9D4-3F3FEAA0F642} = {5854FF58-B8C5-05C6-5BF2-ACE42193F22B}
		{64502D4B-8648-42BB-8E2E-D3D5D5D9A133} = {5854FF58-B8C5-05C6-5BF2-ACE42193F22B}
		{9DFB3A0C-E928-4D72-A932-5146C4C049C9} = {5854FF58-B8C5-05C6-5BF2-ACE42193F22B}
		{2D61CE99-B275-42CE-9E4D-4D26E080A2B2} = {5854FF58-B8C5-05C6-5BF2-ACE42193F22B}
		{517247F1-DA8F-4A63-B0BF-FA996BA973DA} = {5854FF58-B8C5-05C6-5BF2-ACE42193F22B}
		{7A5033C8-065B-44B2-9F3A-AF42C478854E} = {5854FF58-B8C5-05C6-5BF2-ACE42193F22B}
		{F1F94699-4D52-45E7-8423-182BBDDB91E4} = {5854FF58-B8C5-05C6-5BF2-ACE42193F22B}
		{63092436-904A-4B2A-9F14-CCED167F5F88} = {5854FF58-B8C5-05C6-5BF2-ACE42193F22B}
		{51D05AFE-B0A0-453E-B4F6-989C2AA56D08} = {5854FF58-B8C5-05C6-5BF2-ACE42193F22B}
		{66F5A2FD-D77B-4173-8610-7645C570BECE} = {5854FF58-B8C5-05C6-5BF2-ACE42193F22B}
		{D19A1085-C54B-4E59-BF86-54D4EA57AB58} = {5854FF58-B8C5-05C6-5BF2-ACE42193F22B}
		{5935D929-C050-4861-A642-41ACDF9A16A7} = {5854FF58-B8C5-05C6-5BF2-ACE42193F22B}
		{E1A3AA19-50BE-4A8C-9CAE-9274D8F7D11F} = {5854FF58-B8C5-05C6-5BF2-ACE42193F22B}
		{D702D1C1-A048-4990-A658-1F1EBEC1D531} = {5854FF58-B8C5-05C6-5BF2-ACE42193F22B}
		{0B20408F-3B1C-43E5-811C-21AF52E302AB} = {5854FF58-B8C5-05C6-5BF2-ACE42193F22B}
		{B8D57451-0556-4FF6-9FD1-C80FC5621DC5} = {63A1BBED-140A-4730-A6FC-B6AF738984EA}
		{1CB9965D-F0DF-4722-91CA-CFE99861BF8C} = {63A1BBED-140A-4730-A6FC-B6AF738984EA}
		{403CD63B-A107-40B3-B45D-F325EC37CB71} = {63A1BBED-140A-4730-A6FC-B6AF738984EA}
		{7183CC6E-16D9-4D74-AA84-7E513DA41891} = {5854FF58-B8C5-05C6-5BF2-ACE42193F22B}
		{9173648F-C8AB-410D-85AD-E6D6D06EC733} = {5854FF58-B8C5-05C6-5BF2-ACE42193F22B}
		{DB57184C-D160-4F52-B040-A9149E71609C} = {5854FF58-B8C5-05C6-5BF2-ACE42193F22B}
		{B17F28BE-87C2-488D-B8C2-F02D853BDB1E} = {63A1BBED-140A-4730-A6FC-B6AF738984EA}
	EndGlobalSection
	GlobalSection(ExtensibilityGlobals) = postSolution
		SolutionGuid = {B67A1BA2-AB37-4172-AA86-1F7A6B8BE8D1}
	EndGlobalSection
EndGlobal
